
Microsoft Visual Studio Solution File, Format Version 12.00
# Visual Studio Version 17
VisualStudioVersion = 17.4.33110.190
MinimumVisualStudioVersion = 10.0.40219.1
Project("{FAE04EC0-301F-11D3-BF4B-00C04F79EFBC}") = "Assignment - 4", "Assignment - 4.csproj", "{FE31431F-C0E7-431D-AD26-4504F2D9B107}"
EndProject
Global
	GlobalSection(SolutionConfigurationPlatforms) = preSolution
		Debug|Any CPU = Debug|Any CPU
		Release|Any CPU = Release|Any CPU
	EndGlobalSection
	GlobalSection(ProjectConfigurationPlatforms) = postSolution
		{FE31431F-C0E7-431D-AD26-4504F2D9B107}.Debug|Any CPU.ActiveCfg = Debug|Any CPU
		{FE31431F-C0E7-431D-AD26-4504F2D9B107}.Debug|Any CPU.Build.0 = Debug|Any CPU
		{FE31431F-C0E7-431D-AD26-4504F2D9B107}.Release|Any CPU.ActiveCfg = Release|Any CPU
		{FE31431F-C0E7-431D-AD26-4504F2D9B107}.Release|Any CPU.Build.0 = Release|Any CPU
	EndGlobalSection
	GlobalSection(SolutionProperties) = preSolution
		HideSolutionNode = FALSE
	EndGlobalSection
	GlobalSection(ExtensibilityGlobals) = postSolution
		SolutionGuid = {8F279F0D-2525-479F-862D-5C87800DC82A}
	EndGlobalSection
EndGlobal
